
Microsoft Visual Studio Solution File, Format Version 12.00
# Visual Studio Version 17
VisualStudioVersion = 17.3.32901.215
MinimumVisualStudioVersion = 10.0.40219.1
Project("{FAE04EC0-301F-11D3-BF4B-00C04F79EFBC}") = "WACP", "WACP\WACP.csproj", "{0B1DE8B1-ACBA-463B-A9DB-3C143F031606}"
EndProject
Global
	GlobalSection(SolutionConfigurationPlatforms) = preSolution
		Debug|Any CPU = Debug|Any CPU
		Release|Any CPU = Release|Any CPU
	EndGlobalSection
	GlobalSection(ProjectConfigurationPlatforms) = postSolution
		{0B1DE8B1-ACBA-463B-A9DB-3C143F031606}.Debug|Any CPU.ActiveCfg = Debug|Any CPU
		{0B1DE8B1-ACBA-463B-A9DB-3C143F031606}.Debug|Any CPU.Build.0 = Debug|Any CPU
		{0B1DE8B1-ACBA-463B-A9DB-3C143F031606}.Release|Any CPU.ActiveCfg = Release|Any CPU
		{0B1DE8B1-ACBA-463B-A9DB-3C143F031606}.Release|Any CPU.Build.0 = Release|Any CPU
	EndGlobalSection
	GlobalSection(SolutionProperties) = preSolution
		HideSolutionNode = FALSE
	EndGlobalSection
	GlobalSection(ExtensibilityGlobals) = postSolution
		SolutionGuid = {EEF75BB1-BF61-42F6-B4AF-11C8CA45361D}
	EndGlobalSection
EndGlobal
